
Microsoft Visual Studio Solution File, Format Version 12.00
# Visual Studio Version 17
VisualStudioVersion = 17.7.34202.233
MinimumVisualStudioVersion = 10.0.40219.1
Project("{9A19103F-16F7-4668-BE54-9A1E7A4F7556}") = "OrientacaoObjetos.NET", "OrientacaoObjetos.NET\OrientacaoObjetos.NET.csproj", "{F232E8CC-8726-4606-9004-DA0CCC14C78D}"
EndProject
Project("{9A19103F-16F7-4668-BE54-9A1E7A4F7556}") = "POO.NET02", "POO.NET02\POO.NET02.csproj", "{7D3A1FDF-029E-46CB-AA36-FE71B0735D55}"
EndProject
Project("{9A19103F-16F7-4668-BE54-9A1E7A4F7556}") = "POO.NET03", "POO.NET03\POO.NET03.csproj", "{E2C20537-179D-4C63-99A1-891DB1BAC59F}"
EndProject
Project("{FAE04EC0-301F-11D3-BF4B-00C04F79EFBC}") = "POO.NET4", "POO.NET4\POO.NET4.csproj", "{EC474A3E-8ACE-4B32-91EB-7CACAD867577}"
EndProject
Global
	GlobalSection(SolutionConfigurationPlatforms) = preSolution
		Debug|Any CPU = Debug|Any CPU
		Release|Any CPU = Release|Any CPU
	EndGlobalSection
	GlobalSection(ProjectConfigurationPlatforms) = postSolution
		{F232E8CC-8726-4606-9004-DA0CCC14C78D}.Debug|Any CPU.ActiveCfg = Debug|Any CPU
		{F232E8CC-8726-4606-9004-DA0CCC14C78D}.Debug|Any CPU.Build.0 = Debug|Any CPU
		{F232E8CC-8726-4606-9004-DA0CCC14C78D}.Release|Any CPU.ActiveCfg = Release|Any CPU
		{F232E8CC-8726-4606-9004-DA0CCC14C78D}.Release|Any CPU.Build.0 = Release|Any CPU
		{7D3A1FDF-029E-46CB-AA36-FE71B0735D55}.Debug|Any CPU.ActiveCfg = Debug|Any CPU
		{7D3A1FDF-029E-46CB-AA36-FE71B0735D55}.Debug|Any CPU.Build.0 = Debug|Any CPU
		{7D3A1FDF-029E-46CB-AA36-FE71B0735D55}.Release|Any CPU.ActiveCfg = Release|Any CPU
		{7D3A1FDF-029E-46CB-AA36-FE71B0735D55}.Release|Any CPU.Build.0 = Release|Any CPU
		{E2C20537-179D-4C63-99A1-891DB1BAC59F}.Debug|Any CPU.ActiveCfg = Debug|Any CPU
		{E2C20537-179D-4C63-99A1-891DB1BAC59F}.Debug|Any CPU.Build.0 = Debug|Any CPU
		{E2C20537-179D-4C63-99A1-891DB1BAC59F}.Release|Any CPU.ActiveCfg = Release|Any CPU
		{E2C20537-179D-4C63-99A1-891DB1BAC59F}.Release|Any CPU.Build.0 = Release|Any CPU
		{EC474A3E-8ACE-4B32-91EB-7CACAD867577}.Debug|Any CPU.ActiveCfg = Debug|Any CPU
		{EC474A3E-8ACE-4B32-91EB-7CACAD867577}.Debug|Any CPU.Build.0 = Debug|Any CPU
		{EC474A3E-8ACE-4B32-91EB-7CACAD867577}.Release|Any CPU.ActiveCfg = Release|Any CPU
		{EC474A3E-8ACE-4B32-91EB-7CACAD867577}.Release|Any CPU.Build.0 = Release|Any CPU
	EndGlobalSection
	GlobalSection(SolutionProperties) = preSolution
		HideSolutionNode = FALSE
	EndGlobalSection
	GlobalSection(ExtensibilityGlobals) = postSolution
		SolutionGuid = {AE707A79-546A-40FA-8C33-F0A33AF07900}
	EndGlobalSection
EndGlobal
